# This file is automatically @generated by Poetry 1.6.1 and should not be changed by hand.
# This file is a placeholder. In a real project, this would be generated automatically
# by running 'poetry install' or 'poetry lock'.

# The actual poetry.lock file would contain detailed dependency information
# including exact versions, hashes, and dependency trees.
# Since we cannot generate this programmatically here, this serves as a placeholder.

# To generate the actual poetry.lock file, run:
# poetry install

[[package]]
name = "placeholder"
version = "1.0.0"
description = "Placeholder entry"
category = "main"
optional = false
python-versions = "*"

[metadata]
lock-version = "2.0"
python-versions = "^3.11"
content-hash = "placeholder-hash"